
Microsoft Visual Studio Solution File, Format Version 12.00
# Visual Studio 14
VisualStudioVersion = 14.0.25420.1
MinimumVisualStudioVersion = 10.0.40219.1
Project("{8BC9CEB8-8B4A-11D0-8D11-00A0C91BC942}") = "Decide", "Decide\Decide.vcxproj", "{A749E782-1332-4837-8579-29D60D49EEFC}"
	ProjectSection(ProjectDependencies) = postProject
		{4AAF1D36-4EBD-4A5C-923B-8A29C5EA6FF3} = {4AAF1D36-4EBD-4A5C-923B-8A29C5EA6FF3}
	EndProjectSection
EndProject
Project("{8BC9CEB8-8B4A-11D0-8D11-00A0C91BC942}") = "fbEngine", "..\fbEngine\fbEngine\fbEngine.vcxproj", "{4AAF1D36-4EBD-4A5C-923B-8A29C5EA6FF3}"
	ProjectSection(ProjectDependencies) = postProject
		{28EF574A-84DB-3CB0-9B45-DB3545B2D05C} = {28EF574A-84DB-3CB0-9B45-DB3545B2D05C}
		{4DCE52A5-106C-3D94-815D-C8EBC6133B5E} = {4DCE52A5-106C-3D94-815D-C8EBC6133B5E}
		{9BF1ADF3-EB57-35E8-B156-ADE8FFC7E2F0} = {9BF1ADF3-EB57-35E8-B156-ADE8FFC7E2F0}
	EndProjectSection
EndProject
Project("{8BC9CEB8-8B4A-11D0-8D11-00A0C91BC942}") = "BulletCollision", "..\fbEngine\bulletPhysics\src\BulletCollision\BulletCollision.vcxproj", "{28EF574A-84DB-3CB0-9B45-DB3545B2D05C}"
EndProject
Project("{8BC9CEB8-8B4A-11D0-8D11-00A0C91BC942}") = "BulletDynamics", "..\fbEngine\bulletPhysics\src\BulletDynamics\BulletDynamics.vcxproj", "{9BF1ADF3-EB57-35E8-B156-ADE8FFC7E2F0}"
EndProject
Project("{8BC9CEB8-8B4A-11D0-8D11-00A0C91BC942}") = "BulletSoftBody", "..\fbEngine\bulletPhysics\src\BulletSoftBody\BulletSoftBody.vcxproj", "{8ECBBDCD-865E-345B-9496-62B82F2FFEC5}"
EndProject
Project("{8BC9CEB8-8B4A-11D0-8D11-00A0C91BC942}") = "LinearMath", "..\fbEngine\bulletPhysics\src\LinearMath\LinearMath.vcxproj", "{4DCE52A5-106C-3D94-815D-C8EBC6133B5E}"
EndProject
Global
	GlobalSection(Performance) = preSolution
		HasPerformanceSessions = true
	EndGlobalSection
	GlobalSection(SolutionConfigurationPlatforms) = preSolution
		Debug|x64 = Debug|x64
		Debug|x86 = Debug|x86
		MinSizeRel|x64 = MinSizeRel|x64
		MinSizeRel|x86 = MinSizeRel|x86
		Release_Low|x64 = Release_Low|x64
		Release_Low|x86 = Release_Low|x86
		Release|x64 = Release|x64
		Release|x86 = Release|x86
		RelWithDebInfo|x64 = RelWithDebInfo|x64
		RelWithDebInfo|x86 = RelWithDebInfo|x86
	EndGlobalSection
	GlobalSection(ProjectConfigurationPlatforms) = postSolution
		{A749E782-1332-4837-8579-29D60D49EEFC}.Debug|x64.ActiveCfg = Debug|x64
		{A749E782-1332-4837-8579-29D60D49EEFC}.Debug|x64.Build.0 = Debug|x64
		{A749E782-1332-4837-8579-29D60D49EEFC}.Debug|x86.ActiveCfg = Debug|Win32
		{A749E782-1332-4837-8579-29D60D49EEFC}.Debug|x86.Build.0 = Debug|Win32
		{A749E782-1332-4837-8579-29D60D49EEFC}.MinSizeRel|x64.ActiveCfg = Release|x64
		{A749E782-1332-4837-8579-29D60D49EEFC}.MinSizeRel|x64.Build.0 = Release|x64
		{A749E782-1332-4837-8579-29D60D49EEFC}.MinSizeRel|x86.ActiveCfg = Release|Win32
		{A749E782-1332-4837-8579-29D60D49EEFC}.MinSizeRel|x86.Build.0 = Release|Win32
		{A749E782-1332-4837-8579-29D60D49EEFC}.Release_Low|x64.ActiveCfg = Release_Low|x64
		{A749E782-1332-4837-8579-29D60D49EEFC}.Release_Low|x64.Build.0 = Release_Low|x64
		{A749E782-1332-4837-8579-29D60D49EEFC}.Release_Low|x86.ActiveCfg = Release|Win32
		{A749E782-1332-4837-8579-29D60D49EEFC}.Release_Low|x86.Build.0 = Release|Win32
		{A749E782-1332-4837-8579-29D60D49EEFC}.Release|x64.ActiveCfg = Release|x64
		{A749E782-1332-4837-8579-29D60D49EEFC}.Release|x64.Build.0 = Release|x64
		{A749E782-1332-4837-8579-29D60D49EEFC}.Release|x86.ActiveCfg = Release|Win32
		{A749E782-1332-4837-8579-29D60D49EEFC}.Release|x86.Build.0 = Release|Win32
		{A749E782-1332-4837-8579-29D60D49EEFC}.RelWithDebInfo|x64.ActiveCfg = Release|x64
		{A749E782-1332-4837-8579-29D60D49EEFC}.RelWithDebInfo|x64.Build.0 = Release|x64
		{A749E782-1332-4837-8579-29D60D49EEFC}.RelWithDebInfo|x86.ActiveCfg = Release|Win32
		{A749E782-1332-4837-8579-29D60D49EEFC}.RelWithDebInfo|x86.Build.0 = Release|Win32
		{4AAF1D36-4EBD-4A5C-923B-8A29C5EA6FF3}.Debug|x64.ActiveCfg = Debug|x64
		{4AAF1D36-4EBD-4A5C-923B-8A29C5EA6FF3}.Debug|x64.Build.0 = Debug|x64
		{4AAF1D36-4EBD-4A5C-923B-8A29C5EA6FF3}.Debug|x86.ActiveCfg = Debug|Win32
		{4AAF1D36-4EBD-4A5C-923B-8A29C5EA6FF3}.Debug|x86.Build.0 = Debug|Win32
		{4AAF1D36-4EBD-4A5C-923B-8A29C5EA6FF3}.MinSizeRel|x64.ActiveCfg = Release|x64
		{4AAF1D36-4EBD-4A5C-923B-8A29C5EA6FF3}.MinSizeRel|x64.Build.0 = Release|x64
		{4AAF1D36-4EBD-4A5C-923B-8A29C5EA6FF3}.MinSizeRel|x86.ActiveCfg = Release|Win32
		{4AAF1D36-4EBD-4A5C-923B-8A29C5EA6FF3}.MinSizeRel|x86.Build.0 = Release|Win32
		{4AAF1D36-4EBD-4A5C-923B-8A29C5EA6FF3}.Release_Low|x64.ActiveCfg = Release_Low|x64
		{4AAF1D36-4EBD-4A5C-923B-8A29C5EA6FF3}.Release_Low|x64.Build.0 = Release_Low|x64
		{4AAF1D36-4EBD-4A5C-923B-8A29C5EA6FF3}.Release_Low|x86.ActiveCfg = Release_Low|Win32
		{4AAF1D36-4EBD-4A5C-923B-8A29C5EA6FF3}.Release_Low|x86.Build.0 = Release_Low|Win32
		{4AAF1D36-4EBD-4A5C-923B-8A29C5EA6FF3}.Release|x64.ActiveCfg = Release|x64
		{4AAF1D36-4EBD-4A5C-923B-8A29C5EA6FF3}.Release|x64.Build.0 = Release|x64
		{4AAF1D36-4EBD-4A5C-923B-8A29C5EA6FF3}.Release|x86.ActiveCfg = Release|Win32
		{4AAF1D36-4EBD-4A5C-923B-8A29C5EA6FF3}.Release|x86.Build.0 = Release|Win32
		{4AAF1D36-4EBD-4A5C-923B-8A29C5EA6FF3}.RelWithDebInfo|x64.ActiveCfg = Release|x64
		{4AAF1D36-4EBD-4A5C-923B-8A29C5EA6FF3}.RelWithDebInfo|x64.Build.0 = Release|x64
		{4AAF1D36-4EBD-4A5C-923B-8A29C5EA6FF3}.RelWithDebInfo|x86.ActiveCfg = Release|Win32
		{4AAF1D36-4EBD-4A5C-923B-8A29C5EA6FF3}.RelWithDebInfo|x86.Build.0 = Release|Win32
		{28EF574A-84DB-3CB0-9B45-DB3545B2D05C}.Debug|x64.ActiveCfg = Debug|x64
		{28EF574A-84DB-3CB0-9B45-DB3545B2D05C}.Debug|x64.Build.0 = Debug|x64
		{28EF574A-84DB-3CB0-9B45-DB3545B2D05C}.Debug|x86.ActiveCfg = Debug|Win32
		{28EF574A-84DB-3CB0-9B45-DB3545B2D05C}.Debug|x86.Build.0 = Debug|Win32
		{28EF574A-84DB-3CB0-9B45-DB3545B2D05C}.MinSizeRel|x64.ActiveCfg = MinSizeRel|x64
		{28EF574A-84DB-3CB0-9B45-DB3545B2D05C}.MinSizeRel|x64.Build.0 = MinSizeRel|x64
		{28EF574A-84DB-3CB0-9B45-DB3545B2D05C}.MinSizeRel|x86.ActiveCfg = MinSizeRel|Win32
		{28EF574A-84DB-3CB0-9B45-DB3545B2D05C}.MinSizeRel|x86.Build.0 = MinSizeRel|Win32
		{28EF574A-84DB-3CB0-9B45-DB3545B2D05C}.Release_Low|x64.ActiveCfg = Release|x64
		{28EF574A-84DB-3CB0-9B45-DB3545B2D05C}.Release_Low|x64.Build.0 = Release|x64
		{28EF574A-84DB-3CB0-9B45-DB3545B2D05C}.Release_Low|x86.ActiveCfg = Release|Win32
		{28EF574A-84DB-3CB0-9B45-DB3545B2D05C}.Release_Low|x86.Build.0 = Release|Win32
		{28EF574A-84DB-3CB0-9B45-DB3545B2D05C}.Release|x64.ActiveCfg = Release|x64
		{28EF574A-84DB-3CB0-9B45-DB3545B2D05C}.Release|x64.Build.0 = Release|x64
		{28EF574A-84DB-3CB0-9B45-DB3545B2D05C}.Release|x86.ActiveCfg = Release|Win32
		{28EF574A-84DB-3CB0-9B45-DB3545B2D05C}.Release|x86.Build.0 = Release|Win32
		{28EF574A-84DB-3CB0-9B45-DB3545B2D05C}.RelWithDebInfo|x64.ActiveCfg = RelWithDebInfo|x64
		{28EF574A-84DB-3CB0-9B45-DB3545B2D05C}.RelWithDebInfo|x64.Build.0 = RelWithDebInfo|x64
		{28EF574A-84DB-3CB0-9B45-DB3545B2D05C}.RelWithDebInfo|x86.ActiveCfg = RelWithDebInfo|Win32
		{28EF574A-84DB-3CB0-9B45-DB3545B2D05C}.RelWithDebInfo|x86.Build.0 = RelWithDebInfo|Win32
		{9BF1ADF3-EB57-35E8-B156-ADE8FFC7E2F0}.Debug|x64.ActiveCfg = Debug|x64
		{9BF1ADF3-EB57-35E8-B156-ADE8FFC7E2F0}.Debug|x64.Build.0 = Debug|x64
		{9BF1ADF3-EB57-35E8-B156-ADE8FFC7E2F0}.Debug|x86.ActiveCfg = Debug|Win32
		{9BF1ADF3-EB57-35E8-B156-ADE8FFC7E2F0}.Debug|x86.Build.0 = Debug|Win32
		{9BF1ADF3-EB57-35E8-B156-ADE8FFC7E2F0}.MinSizeRel|x64.ActiveCfg = MinSizeRel|x64
		{9BF1ADF3-EB57-35E8-B156-ADE8FFC7E2F0}.MinSizeRel|x64.Build.0 = MinSizeRel|x64
		{9BF1ADF3-EB57-35E8-B156-ADE8FFC7E2F0}.MinSizeRel|x86.ActiveCfg = MinSizeRel|Win32
		{9BF1ADF3-EB57-35E8-B156-ADE8FFC7E2F0}.MinSizeRel|x86.Build.0 = MinSizeRel|Win32
		{9BF1ADF3-EB57-35E8-B156-ADE8FFC7E2F0}.Release_Low|x64.ActiveCfg = Release|x64
		{9BF1ADF3-EB57-35E8-B156-ADE8FFC7E2F0}.Release_Low|x64.Build.0 = Release|x64
		{9BF1ADF3-EB57-35E8-B156-ADE8FFC7E2F0}.Release_Low|x86.ActiveCfg = Release|Win32
		{9BF1ADF3-EB57-35E8-B156-ADE8FFC7E2F0}.Release_Low|x86.Build.0 = Release|Win32
		{9BF1ADF3-EB57-35E8-B156-ADE8FFC7E2F0}.Release|x64.ActiveCfg = Release|x64
		{9BF1ADF3-EB57-35E8-B156-ADE8FFC7E2F0}.Release|x64.Build.0 = Release|x64
		{9BF1ADF3-EB57-35E8-B156-ADE8FFC7E2F0}.Release|x86.ActiveCfg = Release|Win32
		{9BF1ADF3-EB57-35E8-B156-ADE8FFC7E2F0}.Release|x86.Build.0 = Release|Win32
		{9BF1ADF3-EB57-35E8-B156-ADE8FFC7E2F0}.RelWithDebInfo|x64.ActiveCfg = RelWithDebInfo|x64
		{9BF1ADF3-EB57-35E8-B156-ADE8FFC7E2F0}.RelWithDebInfo|x64.Build.0 = RelWithDebInfo|x64
		{9BF1ADF3-EB57-35E8-B156-ADE8FFC7E2F0}.RelWithDebInfo|x86.ActiveCfg = RelWithDebInfo|Win32
		{9BF1ADF3-EB57-35E8-B156-ADE8FFC7E2F0}.RelWithDebInfo|x86.Build.0 = RelWithDebInfo|Win32
		{8ECBBDCD-865E-345B-9496-62B82F2FFEC5}.Debug|x64.ActiveCfg = Debug|x64
		{8ECBBDCD-865E-345B-9496-62B82F2FFEC5}.Debug|x64.Build.0 = Debug|x64
		{8ECBBDCD-865E-345B-9496-62B82F2FFEC5}.Debug|x86.ActiveCfg = Debug|Win32
		{8ECBBDCD-865E-345B-9496-62B82F2FFEC5}.Debug|x86.Build.0 = Debug|Win32
		{8ECBBDCD-865E-345B-9496-62B82F2FFEC5}.MinSizeRel|x64.ActiveCfg = MinSizeRel|x64
		{8ECBBDCD-865E-345B-9496-62B82F2FFEC5}.MinSizeRel|x64.Build.0 = MinSizeRel|x64
		{8ECBBDCD-865E-345B-9496-62B82F2FFEC5}.MinSizeRel|x86.ActiveCfg = MinSizeRel|Win32
		{8ECBBDCD-865E-345B-9496-62B82F2FFEC5}.MinSizeRel|x86.Build.0 = MinSizeRel|Win32
		{8ECBBDCD-865E-345B-9496-62B82F2FFEC5}.Release_Low|x64.ActiveCfg = Release|x64
		{8ECBBDCD-865E-345B-9496-62B82F2FFEC5}.Release_Low|x64.Build.0 = Release|x64
		{8ECBBDCD-865E-345B-9496-62B82F2FFEC5}.Release_Low|x86.ActiveCfg = Release|Win32
		{8ECBBDCD-865E-345B-9496-62B82F2FFEC5}.Release_Low|x86.Build.0 = Release|Win32
		{8ECBBDCD-865E-345B-9496-62B82F2FFEC5}.Release|x64.ActiveCfg = Release|x64
		{8ECBBDCD-865E-345B-9496-62B82F2FFEC5}.Release|x64.Build.0 = Release|x64
		{8ECBBDCD-865E-345B-9496-62B82F2FFEC5}.Release|x86.ActiveCfg = Release|Win32
		{8ECBBDCD-865E-345B-9496-62B82F2FFEC5}.Release|x86.Build.0 = Release|Win32
		{8ECBBDCD-865E-345B-9496-62B82F2FFEC5}.RelWithDebInfo|x64.ActiveCfg = RelWithDebInfo|x64
		{8ECBBDCD-865E-345B-9496-62B82F2FFEC5}.RelWithDebInfo|x64.Build.0 = RelWithDebInfo|x64
		{8ECBBDCD-865E-345B-9496-62B82F2FFEC5}.RelWithDebInfo|x86.ActiveCfg = RelWithDebInfo|Win32
		{8ECBBDCD-865E-345B-9496-62B82F2FFEC5}.RelWithDebInfo|x86.Build.0 = RelWithDebInfo|Win32
		{4DCE52A5-106C-3D94-815D-C8EBC6133B5E}.Debug|x64.ActiveCfg = Debug|x64
		{4DCE52A5-106C-3D94-815D-C8EBC6133B5E}.Debug|x64.Build.0 = Debug|x64
		{4DCE52A5-106C-3D94-815D-C8EBC6133B5E}.Debug|x86.ActiveCfg = Debug|Win32
		{4DCE52A5-106C-3D94-815D-C8EBC6133B5E}.Debug|x86.Build.0 = Debug|Win32
		{4DCE52A5-106C-3D94-815D-C8EBC6133B5E}.MinSizeRel|x64.ActiveCfg = MinSizeRel|x64
		{4DCE52A5-106C-3D94-815D-C8EBC6133B5E}.MinSizeRel|x64.Build.0 = MinSizeRel|x64
		{4DCE52A5-106C-3D94-815D-C8EBC6133B5E}.MinSizeRel|x86.ActiveCfg = MinSizeRel|Win32
		{4DCE52A5-106C-3D94-815D-C8EBC6133B5E}.MinSizeRel|x86.Build.0 = MinSizeRel|Win32
		{4DCE52A5-106C-3D94-815D-C8EBC6133B5E}.Release_Low|x64.ActiveCfg = Release|x64
		{4DCE52A5-106C-3D94-815D-C8EBC6133B5E}.Release_Low|x64.Build.0 = Release|x64
		{4DCE52A5-106C-3D94-815D-C8EBC6133B5E}.Release_Low|x86.ActiveCfg = Release|Win32
		{4DCE52A5-106C-3D94-815D-C8EBC6133B5E}.Release_Low|x86.Build.0 = Release|Win32
		{4DCE52A5-106C-3D94-815D-C8EBC6133B5E}.Release|x64.ActiveCfg = Release|x64
		{4DCE52A5-106C-3D94-815D-C8EBC6133B5E}.Release|x64.Build.0 = Release|x64
		{4DCE52A5-106C-3D94-815D-C8EBC6133B5E}.Release|x86.ActiveCfg = Release|Win32
		{4DCE52A5-106C-3D94-815D-C8EBC6133B5E}.Release|x86.Build.0 = Release|Win32
		{4DCE52A5-106C-3D94-815D-C8EBC6133B5E}.RelWithDebInfo|x64.ActiveCfg = RelWithDebInfo|x64
		{4DCE52A5-106C-3D94-815D-C8EBC6133B5E}.RelWithDebInfo|x64.Build.0 = RelWithDebInfo|x64
		{4DCE52A5-106C-3D94-815D-C8EBC6133B5E}.RelWithDebInfo|x86.ActiveCfg = RelWithDebInfo|Win32
		{4DCE52A5-106C-3D94-815D-C8EBC6133B5E}.RelWithDebInfo|x86.Build.0 = RelWithDebInfo|Win32
	EndGlobalSection
	GlobalSection(SolutionProperties) = preSolution
		HideSolutionNode = FALSE
	EndGlobalSection
EndGlobal
