<?xml version="1.0" encoding="utf-8"?>
<Project ToolsVersion="4.0" xmlns="http://schemas.microsoft.com/developer/msbuild/2003">
  <ItemGroup>
    <ClCompile Include="AttackCollision.cpp" />
    <ClCompile Include="Decide.cpp" />
    <ClCompile Include="GameCamera.cpp" />
    <ClCompile Include="GameLight.cpp" />
    <ClCompile Include="GameObject\Component\ObjectRotation.cpp" />
    <ClCompile Include="GameObject\Enemy\Enemy.cpp" />
    <ClCompile Include="GameObject\Enemy\EnemyCharacter.cpp" />
    <ClCompile Include="GameObject\Enemy\HFSM\EnemyAttackState.cpp" />
    <ClCompile Include="GameObject\Enemy\HFSM\EnemyDiscoveryState.cpp" />
    <ClCompile Include="GameObject\Enemy\HFSM\EnemyStartAttackState.cpp" />
    <ClCompile Include="GameObject\Enemy\HFSM\EnemyState.cpp" />
    <ClCompile Include="GameObject\Enemy\HFSM\EnemyTranslationState.cpp" />
    <ClCompile Include="GameObject\Enemy\HFSM\EnemyWaitState.cpp" />
    <ClCompile Include="GameObject\Enemy\HFSM\EnemyWanderingState.cpp" />
    <ClCompile Include="GameObject\Enemy\SearchViewAngle.cpp" />
    <ClCompile Include="GameObject\Player\Player.cpp" />
    <ClCompile Include="GameObject\Player\PlayerState\PlayerStateAttack.cpp" />
    <ClCompile Include="GameObject\Player\PlayerState\PlayerStateIdol.cpp" />
    <ClCompile Include="GameObject\Player\PlayerState\PlayerStateRun.cpp" />
    <ClCompile Include="GameScene.cpp" />
    <ClCompile Include="GameShadowCamera.cpp" />
    <ClCompile Include="Ground.cpp" />
    <ClCompile Include="Sky.cpp" />
    <ClCompile Include="stdafx.cpp" />
    <ClCompile Include="TitleScene.cpp" />
    <ClCompile Include="GameObject\Village\ContinentObject.cpp">
      <Filter>Village</Filter>
    </ClCompile>
    <ClCompile Include="GameObject\HistoryChip\FireChip.cpp">
      <Filter>Village</Filter>
    </ClCompile>
    <ClCompile Include="GameObject\HistoryBook\HistoryBook.cpp">
      <Filter>Village</Filter>
    </ClCompile>
    <ClCompile Include="GameObject\Village\HistoryButton.cpp">
      <Filter>Village</Filter>
    </ClCompile>
    <ClCompile Include="GameObject\Village\HistoryManager.cpp">
      <Filter>Village</Filter>
    </ClCompile>
    <ClCompile Include="GameObject\Village\HistoryMenu.cpp">
      <Filter>Village</Filter>
    </ClCompile>
    <ClCompile Include="GameObject\Village\HistoryMenuSelect.cpp">
      <Filter>Village</Filter>
    </ClCompile>
    <ClCompile Include="GameObject\Village\MessageManager.cpp">
      <Filter>Village</Filter>
    </ClCompile>
    <ClCompile Include="GameObject\Village\NPC.cpp">
      <Filter>Village</Filter>
    </ClCompile>
    <ClCompile Include="GameObject\Village\Shop.cpp">
      <Filter>Village</Filter>
    </ClCompile>
    <ClCompile Include="GameObject\Village\TextBox.cpp">
      <Filter>Village</Filter>
    </ClCompile>
    <ClCompile Include="GameObject\Enemy\HFSM\EnemyFallState.cpp" />
    <ClCompile Include="GameObject\Village\Clerk.cpp">
      <Filter>Village</Filter>
    </ClCompile>
  </ItemGroup>
  <ItemGroup>
    <ClInclude Include="AttackCollision.h" />
    <ClInclude Include="Decide.h" />
    <ClInclude Include="GameCamera.h" />
    <ClInclude Include="GameLight.h" />
    <ClInclude Include="GameObject\Component\ObjectRotation.h" />
    <ClInclude Include="GameObject\Enemy\Enemy.h" />
    <ClInclude Include="GameObject\Enemy\EnemyCharacter.h" />
    <ClInclude Include="GameObject\Enemy\HFSM\EnemyAttackState.h" />
    <ClInclude Include="GameObject\Enemy\HFSM\EnemyDiscoveryState.h" />
    <ClInclude Include="GameObject\Enemy\HFSM\EnemyStartAttackState.h" />
    <ClInclude Include="GameObject\Enemy\HFSM\EnemyState.h" />
    <ClInclude Include="GameObject\Enemy\HFSM\EnemyTranslationState.h" />
    <ClInclude Include="GameObject\Enemy\HFSM\EnemyWaitState.h" />
    <ClInclude Include="GameObject\Enemy\HFSM\EnemyWanderingState.h" />
    <ClInclude Include="GameObject\Enemy\SearchViewAngle.h" />
    <ClInclude Include="GameObject\Player\Player.h" />
    <ClInclude Include="GameObject\Player\PlayerState\PlayerState.h" />
    <ClInclude Include="GameObject\Player\PlayerState\PlayerStateAttack.h" />
    <ClInclude Include="GameObject\Player\PlayerState\PlayerStateIdol.h" />
    <ClInclude Include="GameObject\Player\PlayerState\PlayerStateRun.h" />
    <ClInclude Include="GameScene.h" />
    <ClInclude Include="GameShadowCamera.h" />
    <ClInclude Include="GameSystem.h" />
    <ClInclude Include="Ground.h" />
    <ClInclude Include="Resource.h" />
    <ClInclude Include="Sky.h" />
    <ClInclude Include="stdafx.h" />
    <ClInclude Include="TitleScene.h" />
    <ClInclude Include="GameObject\Village\ContinentObject.h">
      <Filter>Village</Filter>
    </ClInclude>
    <ClInclude Include="GameObject\HistoryChip\FireChip.h">
      <Filter>Village</Filter>
    </ClInclude>
    <ClInclude Include="GameObject\HistoryBook\HistoryBook.h">
      <Filter>Village</Filter>
    </ClInclude>
    <ClInclude Include="GameObject\Village\HistoryButton.h">
      <Filter>Village</Filter>
    </ClInclude>
    <ClInclude Include="GameObject\Village\HistoryInfo.h">
      <Filter>Village</Filter>
    </ClInclude>
    <ClInclude Include="GameObject\Village\HistoryManager.h">
      <Filter>Village</Filter>
    </ClInclude>
    <ClInclude Include="GameObject\Village\HistoryMenu.h">
      <Filter>Village</Filter>
    </ClInclude>
    <ClInclude Include="GameObject\Village\HistoryMenuSelect.h">
      <Filter>Village</Filter>
    </ClInclude>
    <ClInclude Include="GameObject\Village\MessageManager.h">
      <Filter>Village</Filter>
    </ClInclude>
    <ClInclude Include="GameObject\Village\NPC.h">
      <Filter>Village</Filter>
    </ClInclude>
    <ClInclude Include="GameObject\Village\Shop.h">
      <Filter>Village</Filter>
    </ClInclude>
    <ClInclude Include="GameObject\Village\TextBox.h">
      <Filter>Village</Filter>
    </ClInclude>
    <ClInclude Include="GameObject\Enemy\HFSM\EnemyFallState.h" />
    <ClInclude Include="GameObject\Village\Clerk.h">
      <Filter>Village</Filter>
    </ClInclude>
  </ItemGroup>
  <ItemGroup>
    <ResourceCompile Include="Decide.rc" />
  </ItemGroup>
  <ItemGroup>
    <Image Include="Decide.ico" />
    <Image Include="small.ico" />
  </ItemGroup>
  <ItemGroup>
    <Filter Include="Village">
      <UniqueIdentifier>{82346f2d-f61a-47e3-857e-d725c053f361}</UniqueIdentifier>
    </Filter>
  </ItemGroup>
</Project>