<?xml version="1.0" encoding="utf-8"?>
<Project ToolsVersion="4.0" xmlns="http://schemas.microsoft.com/developer/msbuild/2003">
  <ItemGroup>
    <FxCompile Include="Asset\Shader\Ocean.fx" />
  </ItemGroup>
  <ItemGroup>
    <ClCompile Include="AttackCollision.cpp" />
    <ClCompile Include="Decide.cpp" />
    <ClCompile Include="GameLight.cpp" />
    <ClCompile Include="GameObject\AttackValue2D.cpp" />
    <ClCompile Include="GameObject\Camera\FreeCamera.cpp" />
    <ClCompile Include="GameObject\Camera\GameCamera.cpp" />
    <ClCompile Include="GameObject\Camera\PlayerCamera.cpp" />
    <ClCompile Include="GameObject\Camera\ThirdPersonCamera.cpp" />
    <ClCompile Include="GameObject\Component\AnimationEvent.cpp" />
    <ClCompile Include="GameObject\Component\CharacterParameter.cpp" />
    <ClCompile Include="GameObject\Component\ObjectRotation.cpp" />
    <ClCompile Include="GameObject\Component\ObjectSpawn.cpp" />
    <ClCompile Include="GameObject\Component\OutputData.cpp" />
    <ClCompile Include="GameObject\Component\ParameterBar.cpp" />
    <ClCompile Include="GameObject\Enemy\BossDrarian.cpp" />
    <ClCompile Include="GameObject\Enemy\Enemy.cpp" />
    <ClCompile Include="GameObject\Enemy\EnemyCharacter.cpp" />
    <ClCompile Include="GameObject\Enemy\EnemyManager.cpp" />
    <ClCompile Include="GameObject\Enemy\HFSM\EnemyAttackState.cpp" />
    <ClCompile Include="GameObject\Enemy\HFSM\EnemyDamageReactionState.cpp" />
    <ClCompile Include="GameObject\Enemy\HFSM\EnemyDeathState.cpp" />
    <ClCompile Include="GameObject\Enemy\HFSM\EnemyDiscoveryState.cpp" />
    <ClCompile Include="GameObject\Enemy\HFSM\EnemyFallState.cpp" />
    <ClCompile Include="GameObject\Enemy\HFSM\EnemyStartAttackState.cpp" />
    <ClCompile Include="GameObject\Enemy\HFSM\EnemyState.cpp" />
    <ClCompile Include="GameObject\Enemy\HFSM\EnemyThreatState.cpp" />
    <ClCompile Include="GameObject\Enemy\HFSM\EnemyTranslationState.cpp" />
    <ClCompile Include="GameObject\Enemy\HFSM\EnemyWaitState.cpp" />
    <ClCompile Include="GameObject\Enemy\HFSM\EnemyWanderingState.cpp" />
    <ClCompile Include="GameObject\Enemy\SearchViewAngle.cpp" />
    <ClCompile Include="GameObject\Ground\Ground.cpp" />
    <ClCompile Include="GameObject\History\Chip.cpp" />
    <ClCompile Include="GameObject\History\HistoryBook\HFSM\HistoryBookStateClose.cpp" />
    <ClCompile Include="GameObject\History\HistoryBook\HFSM\HistoryBookStateIdol.cpp" />
    <ClCompile Include="GameObject\History\HistoryBook\HFSM\HistoryBookStateMove.cpp" />
    <ClCompile Include="GameObject\History\HistoryBook\HFSM\HistoryBookStateOpen.cpp" />
    <ClCompile Include="GameObject\History\HistoryBook\HFSM\HistoryBookStateUnused.cpp" />
    <ClCompile Include="GameObject\History\HistoryBook\HistoryBook.cpp" />
    <ClCompile Include="GameObject\History\HistoryBook\HistoryPage\HFSM\HistoryPageStateClose.cpp" />
    <ClCompile Include="GameObject\History\HistoryBook\HistoryPage\HFSM\HistoryPageStatePutIn.cpp" />
    <ClCompile Include="GameObject\History\HistoryBook\HistoryPage\HFSM\HistoryPageStatePutOut.cpp" />
    <ClCompile Include="GameObject\History\HistoryBook\HistoryPage\HFSM\HistoryPageStateTakeOff.cpp" />
    <ClCompile Include="GameObject\History\HistoryBook\HistoryPage\HFSM\HistoryPageStateTurn.cpp" />
    <ClCompile Include="GameObject\History\HistoryBook\HistoryPage\HistoryPage.cpp" />
    <ClCompile Include="GameObject\History\HistoryInfo.cpp" />
    <ClCompile Include="GameObject\History\HistoryManager.cpp" />
    <ClCompile Include="GameObject\History\HistoryMenu\Chip2D.cpp" />
    <ClCompile Include="GameObject\History\HistoryMenu\HistoryMenu.cpp" />
    <ClCompile Include="GameObject\Player\Player.cpp" />
    <ClCompile Include="GameObject\Player\PlayerState\PlayerStateAttack.cpp" />
    <ClCompile Include="GameObject\Player\PlayerState\PlayerStateDeath.cpp" />
    <ClCompile Include="GameObject\Player\PlayerState\PlayerStateIdol.cpp" />
    <ClCompile Include="GameObject\Player\PlayerState\PlayerStateRun.cpp" />
    <ClCompile Include="GameObject\SpaceCollisionObject.cpp" />
    <ClCompile Include="GameObject\SplitSpace.cpp" />
    <ClCompile Include="GameObject\Village\ContinentObject.cpp" />
    <ClCompile Include="GameObject\Village\EventManager.cpp" />
    <ClCompile Include="GameObject\Village\Inventory.cpp" />
    <ClCompile Include="GameObject\Village\ItemManager.cpp" />
    <ClCompile Include="GameObject\Village\MessageManager.cpp" />
    <ClCompile Include="GameObject\Village\NPC.cpp" />
    <ClCompile Include="GameObject\Village\Shop.cpp" />
    <ClCompile Include="GameObject\Village\TextBox.cpp" />
    <ClCompile Include="Ocean.cpp" />
    <ClCompile Include="Scene\GameScene.cpp" />
    <ClCompile Include="Scene\TitleScene.cpp" />
    <ClCompile Include="stdafx.cpp" />
  </ItemGroup>
  <ItemGroup>
    <ClInclude Include="AttackCollision.h" />
    <ClInclude Include="Decide.h" />
    <ClInclude Include="GameLight.h" />
    <ClInclude Include="GameObject\AttackValue2D.h" />
    <ClInclude Include="GameObject\Camera\FreeCamera.h" />
    <ClInclude Include="GameObject\Camera\GameCamera.h" />
    <ClInclude Include="GameObject\Camera\PlayerCamera.h" />
    <ClInclude Include="GameObject\Camera\ThirdPersonCamera.h" />
    <ClInclude Include="GameObject\Component\AnimationEvent.h" />
    <ClInclude Include="GameObject\Component\CharacterParameter.h" />
    <ClInclude Include="GameObject\Component\ObjectRotation.h" />
    <ClInclude Include="GameObject\Component\ObjectSpawn.h" />
    <ClInclude Include="GameObject\Component\OutputData.h" />
    <ClInclude Include="GameObject\Component\ParameterBar.h" />
    <ClInclude Include="GameObject\Enemy\BossDrarian.h" />
    <ClInclude Include="GameObject\Enemy\Enemy.h" />
    <ClInclude Include="GameObject\Enemy\EnemyCharacter.h" />
    <ClInclude Include="GameObject\Enemy\EnemyManager.h" />
    <ClInclude Include="GameObject\Enemy\HFSM\EnemyAttackState.h" />
    <ClInclude Include="GameObject\Enemy\HFSM\EnemyDamageReactionState.h" />
    <ClInclude Include="GameObject\Enemy\HFSM\EnemyDeathState.h" />
    <ClInclude Include="GameObject\Enemy\HFSM\EnemyDiscoveryState.h" />
    <ClInclude Include="GameObject\Enemy\HFSM\EnemyFallState.h" />
    <ClInclude Include="GameObject\Enemy\HFSM\EnemyStartAttackState.h" />
    <ClInclude Include="GameObject\Enemy\HFSM\EnemyState.h" />
    <ClInclude Include="GameObject\Enemy\HFSM\EnemyThreatState.h" />
    <ClInclude Include="GameObject\Enemy\HFSM\EnemyTranslationState.h" />
    <ClInclude Include="GameObject\Enemy\HFSM\EnemyWaitState.h" />
    <ClInclude Include="GameObject\Enemy\HFSM\EnemyWanderingState.h" />
    <ClInclude Include="GameObject\Enemy\SearchViewAngle.h" />
    <ClInclude Include="GameObject\Ground\Ground.h" />
    <ClInclude Include="GameObject\History\Chip.h" />
    <ClInclude Include="GameObject\History\HistoryBook\HFSM\HistoryBookState.h" />
    <ClInclude Include="GameObject\History\HistoryBook\HFSM\HistoryBookStateClose.h" />
    <ClInclude Include="GameObject\History\HistoryBook\HFSM\HistoryBookStateIdol.h" />
    <ClInclude Include="GameObject\History\HistoryBook\HFSM\HistoryBookStateMove.h" />
    <ClInclude Include="GameObject\History\HistoryBook\HFSM\HistoryBookStateOpen.h" />
    <ClInclude Include="GameObject\History\HistoryBook\HFSM\HistoryBookStateUnused.h" />
    <ClInclude Include="GameObject\History\HistoryBook\HistoryBook.h" />
    <ClInclude Include="GameObject\History\HistoryBook\HistoryPage\HFSM\HistoryPageState.h" />
    <ClInclude Include="GameObject\History\HistoryBook\HistoryPage\HFSM\HistoryPageStateClose.h" />
    <ClInclude Include="GameObject\History\HistoryBook\HistoryPage\HFSM\HistoryPageStatePutIn.h" />
    <ClInclude Include="GameObject\History\HistoryBook\HistoryPage\HFSM\HistoryPageStatePutOut.h" />
    <ClInclude Include="GameObject\History\HistoryBook\HistoryPage\HFSM\HistoryPageStateTakeOff.h" />
    <ClInclude Include="GameObject\History\HistoryBook\HistoryPage\HFSM\HistoryPageStateTurn.h" />
    <ClInclude Include="GameObject\History\HistoryBook\HistoryPage\HistoryPage.h" />
    <ClInclude Include="GameObject\History\HistoryInfo.h" />
    <ClInclude Include="GameObject\History\HistoryManager.h" />
    <ClInclude Include="GameObject\History\HistoryMenu\Chip2D.h" />
    <ClInclude Include="GameObject\History\HistoryMenu\HistoryMenu.h" />
    <ClInclude Include="GameObject\Player\Player.h" />
    <ClInclude Include="GameObject\Player\PlayerState\PlayerState.h" />
    <ClInclude Include="GameObject\Player\PlayerState\PlayerStateAttack.h" />
    <ClInclude Include="GameObject\Player\PlayerState\PlayerStateDeath.h" />
    <ClInclude Include="GameObject\Player\PlayerState\PlayerStateIdol.h" />
    <ClInclude Include="GameObject\Player\PlayerState\PlayerStateRun.h" />
    <ClInclude Include="GameObject\SpaceCollisionObject.h" />
    <ClInclude Include="GameObject\SplitSpace.h" />
    <ClInclude Include="GameObject\Village\ContinentObject.h" />
    <ClInclude Include="GameObject\Village\EventManager.h" />
    <ClInclude Include="GameObject\Village\Inventory.h" />
    <ClInclude Include="GameObject\Village\ItemManager.h" />
    <ClInclude Include="GameObject\Village\MessageManager.h" />
    <ClInclude Include="GameObject\Village\NPC.h" />
    <ClInclude Include="GameObject\Village\Shop.h" />
    <ClInclude Include="GameObject\Village\TextBox.h" />
    <ClInclude Include="GameSystem.h" />
    <ClInclude Include="Ocean.h" />
    <ClInclude Include="Resource.h" />
    <ClInclude Include="Scene\GameScene.h" />
    <ClInclude Include="Scene\TitleScene.h" />
    <ClInclude Include="stdafx.h" />
  </ItemGroup>
  <ItemGroup>
    <ResourceCompile Include="Decide.rc" />
  </ItemGroup>
  <ItemGroup>
    <Image Include="Decide.ico" />
    <Image Include="small.ico" />
  </ItemGroup>
</Project>