<?xml version="1.0" encoding="utf-8"?>
<Project ToolsVersion="4.0" xmlns="http://schemas.microsoft.com/developer/msbuild/2003">
  <ItemGroup>
    <Filter Include="System">
      <UniqueIdentifier>{e77eb00e-d0c8-4317-a719-0f2c868f860f}</UniqueIdentifier>
    </Filter>
    <Filter Include="Scene">
      <UniqueIdentifier>{c010c3bc-2538-44b9-b556-b43d48044574}</UniqueIdentifier>
    </Filter>
    <Filter Include="Input">
      <UniqueIdentifier>{07e73377-7cd4-4e8c-b867-2faba1172668}</UniqueIdentifier>
    </Filter>
    <Filter Include="Include">
      <UniqueIdentifier>{6e8281cf-78f8-477d-a38e-0dfa1ad713ea}</UniqueIdentifier>
    </Filter>
    <Filter Include="Value">
      <UniqueIdentifier>{95a056a6-a2ed-4d28-b115-178c9cc2af5d}</UniqueIdentifier>
    </Filter>
    <Filter Include="Effect">
      <UniqueIdentifier>{6bbaaa73-c54f-4a29-b78f-ac4a34631e7d}</UniqueIdentifier>
    </Filter>
    <Filter Include="Resource">
      <UniqueIdentifier>{3ba0883e-7d34-4a03-9992-4a04a2da02fd}</UniqueIdentifier>
    </Filter>
    <Filter Include="Support">
      <UniqueIdentifier>{f58ec9e8-9358-45f6-aeaf-76135b8851b6}</UniqueIdentifier>
    </Filter>
    <Filter Include="Object">
      <UniqueIdentifier>{f81acd50-cf41-4d0e-8092-e796ae815671}</UniqueIdentifier>
    </Filter>
    <Filter Include="Object\Component">
      <UniqueIdentifier>{69c74d8c-2e60-4bbf-b84e-e56984ef9824}</UniqueIdentifier>
    </Filter>
    <Filter Include="Object\GameObject">
      <UniqueIdentifier>{b5903565-f7af-4b8e-9e11-1c2646b6c76a}</UniqueIdentifier>
    </Filter>
    <Filter Include="Object\Component\2D">
      <UniqueIdentifier>{6fbe8fc1-5047-45fb-bd83-04b123dd2d3a}</UniqueIdentifier>
    </Filter>
    <Filter Include="Object\Component\3D">
      <UniqueIdentifier>{a90e3439-46b9-403f-9a2b-77aa0415b1af}</UniqueIdentifier>
    </Filter>
    <Filter Include="Object\Component\Sound">
      <UniqueIdentifier>{bd72b096-47ac-45fa-ae33-9054bf97f58e}</UniqueIdentifier>
    </Filter>
    <Filter Include="Object\Component\Physics">
      <UniqueIdentifier>{4ff4e741-106d-4228-b10a-4cba63e89cae}</UniqueIdentifier>
    </Filter>
    <Filter Include="Effect\PostEffect">
      <UniqueIdentifier>{82f9bb39-1c9e-46a2-8c39-7e046a137fec}</UniqueIdentifier>
    </Filter>
    <Filter Include="Effect\PreRender">
      <UniqueIdentifier>{183c2c2d-99e3-406e-ad6e-2a52ece085dd}</UniqueIdentifier>
    </Filter>
  </ItemGroup>
  <ItemGroup>
    <ClCompile Include="_Inputs\InputManager.cpp">
      <Filter>Input</Filter>
    </ClCompile>
    <ClCompile Include="_Inputs\KeyBoard .cpp">
      <Filter>Input</Filter>
    </ClCompile>
    <ClCompile Include="_Inputs\Mouse.cpp">
      <Filter>Input</Filter>
    </ClCompile>
    <ClCompile Include="_Inputs\XInput.cpp">
      <Filter>Input</Filter>
    </ClCompile>
    <ClCompile Include="_Value\Color.cpp">
      <Filter>Value</Filter>
    </ClCompile>
    <ClCompile Include="_Value\Vector.cpp">
      <Filter>Value</Filter>
    </ClCompile>
    <ClCompile Include="_Scene\Scene.cpp">
      <Filter>Scene</Filter>
    </ClCompile>
    <ClCompile Include="_Scene\SceneManager.cpp">
      <Filter>Scene</Filter>
    </ClCompile>
    <ClCompile Include="_Effect\EffectManager.cpp">
      <Filter>Effect</Filter>
    </ClCompile>
    <ClCompile Include="_Include\stdafx.cpp">
      <Filter>Include</Filter>
    </ClCompile>
    <ClCompile Include="_Resource\Material.cpp">
      <Filter>Resource</Filter>
    </ClCompile>
    <ClCompile Include="_Resource\SkinModelData.cpp">
      <Filter>Resource</Filter>
    </ClCompile>
    <ClCompile Include="_Resource\SkinModelManager.cpp">
      <Filter>Resource</Filter>
    </ClCompile>
    <ClCompile Include="_Resource\TextureManager.cpp">
      <Filter>Resource</Filter>
    </ClCompile>
    <ClCompile Include="_Support\Random.cpp">
      <Filter>Support</Filter>
    </ClCompile>
    <ClCompile Include="_Support\RenderTargetManager.cpp">
      <Filter>Support</Filter>
    </ClCompile>
    <ClCompile Include="_Support\Support.cpp">
      <Filter>Support</Filter>
    </ClCompile>
    <ClCompile Include="_Support\Time.cpp">
      <Filter>Support</Filter>
    </ClCompile>
    <ClCompile Include="_System\Game.cpp">
      <Filter>System</Filter>
    </ClCompile>
    <ClCompile Include="_System\GraphicsDevice.cpp">
      <Filter>System</Filter>
    </ClCompile>
    <ClCompile Include="_Object\Object.cpp">
      <Filter>Object</Filter>
    </ClCompile>
    <ClCompile Include="_Object\Vertex.cpp">
      <Filter>Object</Filter>
    </ClCompile>
    <ClCompile Include="_Object\_GameObject\CollisionObject.cpp">
      <Filter>Object\GameObject</Filter>
    </ClCompile>
    <ClCompile Include="_Object\_GameObject\FPS.cpp">
      <Filter>Object\GameObject</Filter>
    </ClCompile>
    <ClCompile Include="_Object\_GameObject\GameObject.cpp">
      <Filter>Object\GameObject</Filter>
    </ClCompile>
    <ClCompile Include="_Object\_GameObject\GameObjectManager.cpp">
      <Filter>Object\GameObject</Filter>
    </ClCompile>
    <ClCompile Include="_Object\_GameObject\ImageObject.cpp">
      <Filter>Object\GameObject</Filter>
    </ClCompile>
    <ClCompile Include="_Object\_GameObject\ModelOject.cpp">
      <Filter>Object\GameObject</Filter>
    </ClCompile>
    <ClCompile Include="_Object\_GameObject\Movie.cpp">
      <Filter>Object\GameObject</Filter>
    </ClCompile>
    <ClCompile Include="_Object\_GameObject\Particle.cpp">
      <Filter>Object\GameObject</Filter>
    </ClCompile>
    <ClCompile Include="_Object\_GameObject\ParticleEmitter.cpp">
      <Filter>Object\GameObject</Filter>
    </ClCompile>
    <ClCompile Include="_Object\_GameObject\SoundSource.cpp">
      <Filter>Object\GameObject</Filter>
    </ClCompile>
    <ClCompile Include="_Object\_GameObject\TextObject.cpp">
      <Filter>Object\GameObject</Filter>
    </ClCompile>
    <ClCompile Include="_Object\_Component\_Sound\SoundEngine.cpp">
      <Filter>Object\Component\Sound</Filter>
    </ClCompile>
    <ClCompile Include="_Object\_Component\_Sound\WaveFile.cpp">
      <Filter>Object\Component\Sound</Filter>
    </ClCompile>
    <ClCompile Include="_Object\_Component\_Sound\WaveFileBank.cpp">
      <Filter>Object\Component\Sound</Filter>
    </ClCompile>
    <ClCompile Include="_Object\_Component\Component.cpp">
      <Filter>Object\Component</Filter>
    </ClCompile>
    <ClCompile Include="_Object\_Component\ComponentManager.cpp">
      <Filter>Object\Component</Filter>
    </ClCompile>
    <ClCompile Include="_Object\_Component\Transform.cpp">
      <Filter>Object\Component</Filter>
    </ClCompile>
    <ClCompile Include="_Object\_Component\_Physics\BoxCollider.cpp">
      <Filter>Object\Component\Physics</Filter>
    </ClCompile>
    <ClCompile Include="_Object\_Component\_Physics\CapsuleCollider.cpp">
      <Filter>Object\Component\Physics</Filter>
    </ClCompile>
    <ClCompile Include="_Object\_Component\_Physics\Collision.cpp">
      <Filter>Object\Component\Physics</Filter>
    </ClCompile>
    <ClCompile Include="_Object\_Component\_Physics\GostCollision.cpp">
      <Filter>Object\Component\Physics</Filter>
    </ClCompile>
    <ClCompile Include="_Object\_Component\_Physics\MeshCollider.cpp">
      <Filter>Object\Component\Physics</Filter>
    </ClCompile>
    <ClCompile Include="_Object\_Component\_Physics\Physics.cpp">
      <Filter>Object\Component\Physics</Filter>
    </ClCompile>
    <ClCompile Include="_Object\_Component\_Physics\RigidBody.cpp">
      <Filter>Object\Component\Physics</Filter>
    </ClCompile>
    <ClCompile Include="_Object\_Component\_Physics\SphereCollider.cpp">
      <Filter>Object\Component\Physics</Filter>
    </ClCompile>
    <ClCompile Include="_Object\_Component\_3D\Animation.cpp">
      <Filter>Object\Component\3D</Filter>
    </ClCompile>
    <ClCompile Include="_Object\_Component\_3D\Camera.cpp">
      <Filter>Object\Component\3D</Filter>
    </ClCompile>
    <ClCompile Include="_Object\_Component\_3D\Light.cpp">
      <Filter>Object\Component\3D</Filter>
    </ClCompile>
    <ClCompile Include="_Object\_Component\_3D\ShadowCamera.cpp">
      <Filter>Object\Component\3D</Filter>
    </ClCompile>
    <ClCompile Include="_Object\_Component\_3D\SkinModel.cpp">
      <Filter>Object\Component\3D</Filter>
    </ClCompile>
    <ClCompile Include="_Object\_Component\_2D\CircleCollision.cpp">
      <Filter>Object\Component\2D</Filter>
    </ClCompile>
    <ClCompile Include="_Object\_Component\_2D\FontManager.cpp">
      <Filter>Object\Component\2D</Filter>
    </ClCompile>
    <ClCompile Include="_Object\_Component\_2D\Sprite.cpp">
      <Filter>Object\Component\2D</Filter>
    </ClCompile>
    <ClCompile Include="_Object\_Component\_2D\SquareCollision.cpp">
      <Filter>Object\Component\2D</Filter>
    </ClCompile>
    <ClCompile Include="_Object\_Component\_2D\Text.cpp">
      <Filter>Object\Component\2D</Filter>
    </ClCompile>
    <ClCompile Include="_Object\_Component\_2D\TextureAnimator.cpp">
      <Filter>Object\Component\2D</Filter>
    </ClCompile>
    <ClCompile Include="_Object\_Component\_3D\PlatePrimitive.cpp">
      <Filter>Object\Component\3D</Filter>
    </ClCompile>
    <ClCompile Include="_Object\_GameObject\Plate.cpp">
      <Filter>Object\GameObject</Filter>
    </ClCompile>
    <ClCompile Include="_Object\_GameObject\AnimationPlate.cpp">
      <Filter>Object\GameObject</Filter>
    </ClCompile>
    <ClCompile Include="CharacterController.cpp" />
    <ClCompile Include="_Object\_GameObject\Button.cpp" />
    <ClCompile Include="_Effect\PostEffect\Bloom.cpp">
      <Filter>Effect\PostEffect</Filter>
    </ClCompile>
    <ClCompile Include="_Effect\PostEffect\AntiAliasing.cpp">
      <Filter>Effect\PostEffect</Filter>
    </ClCompile>
    <ClCompile Include="_Effect\PostEffect\DepthofField.cpp">
      <Filter>Effect\PostEffect</Filter>
    </ClCompile>
    <ClCompile Include="_Effect\Blur.cpp">
      <Filter>Effect</Filter>
    </ClCompile>
    <ClCompile Include="_Effect\PreRender\ShadowMap.cpp">
      <Filter>Effect\PreRender</Filter>
    </ClCompile>
  </ItemGroup>
  <ItemGroup>
    <ClInclude Include="_Inputs\InputManager.h">
      <Filter>Input</Filter>
    </ClInclude>
    <ClInclude Include="_Inputs\KeyBoard .h">
      <Filter>Input</Filter>
    </ClInclude>
    <ClInclude Include="_Inputs\Mouse.h">
      <Filter>Input</Filter>
    </ClInclude>
    <ClInclude Include="_Inputs\XInput.h">
      <Filter>Input</Filter>
    </ClInclude>
    <ClInclude Include="_Value\Color.h">
      <Filter>Value</Filter>
    </ClInclude>
    <ClInclude Include="_Value\NameKey.h">
      <Filter>Value</Filter>
    </ClInclude>
    <ClInclude Include="_Value\Vector.h">
      <Filter>Value</Filter>
    </ClInclude>
    <ClInclude Include="_Scene\Scene.h">
      <Filter>Scene</Filter>
    </ClInclude>
    <ClInclude Include="_Scene\SceneManager.h">
      <Filter>Scene</Filter>
    </ClInclude>
    <ClInclude Include="_Effect\Effect.h">
      <Filter>Effect</Filter>
    </ClInclude>
    <ClInclude Include="_Effect\EffectManager.h">
      <Filter>Effect</Filter>
    </ClInclude>
    <ClInclude Include="_Include\CollisionEnum.h">
      <Filter>Include</Filter>
    </ClInclude>
    <ClInclude Include="_Include\PhysicsCallback.h">
      <Filter>Include</Filter>
    </ClInclude>
    <ClInclude Include="_Include\stdafx.h">
      <Filter>Include</Filter>
    </ClInclude>
    <ClInclude Include="_Include\VertexDefinition.h">
      <Filter>Include</Filter>
    </ClInclude>
    <ClInclude Include="_Resource\Material.h">
      <Filter>Resource</Filter>
    </ClInclude>
    <ClInclude Include="_Resource\SkinModelData.h">
      <Filter>Resource</Filter>
    </ClInclude>
    <ClInclude Include="_Resource\SkinModelManager.h">
      <Filter>Resource</Filter>
    </ClInclude>
    <ClInclude Include="_Resource\TextureManager.h">
      <Filter>Resource</Filter>
    </ClInclude>
    <ClInclude Include="_Support\Assert.h">
      <Filter>Support</Filter>
    </ClInclude>
    <ClInclude Include="_Support\PIXPerfTag.h">
      <Filter>Support</Filter>
    </ClInclude>
    <ClInclude Include="_Support\Random.h">
      <Filter>Support</Filter>
    </ClInclude>
    <ClInclude Include="_Support\RenderTargetManager.h">
      <Filter>Support</Filter>
    </ClInclude>
    <ClInclude Include="_Support\Support.h">
      <Filter>Support</Filter>
    </ClInclude>
    <ClInclude Include="_Support\Time.h">
      <Filter>Support</Filter>
    </ClInclude>
    <ClInclude Include="_System\Game.h">
      <Filter>System</Filter>
    </ClInclude>
    <ClInclude Include="_System\GraphicsDevice.h">
      <Filter>System</Filter>
    </ClInclude>
    <ClInclude Include="_System\System.h">
      <Filter>System</Filter>
    </ClInclude>
    <ClInclude Include="_Object\Object.h">
      <Filter>Object</Filter>
    </ClInclude>
    <ClInclude Include="_Object\Vertex.h">
      <Filter>Object</Filter>
    </ClInclude>
    <ClInclude Include="_Object\_GameObject\CollisionObject.h">
      <Filter>Object\GameObject</Filter>
    </ClInclude>
    <ClInclude Include="_Object\_GameObject\FPS.h">
      <Filter>Object\GameObject</Filter>
    </ClInclude>
    <ClInclude Include="_Object\_GameObject\GameObject.h">
      <Filter>Object\GameObject</Filter>
    </ClInclude>
    <ClInclude Include="_Object\_GameObject\GameObjectManager.h">
      <Filter>Object\GameObject</Filter>
    </ClInclude>
    <ClInclude Include="_Object\_GameObject\ImageObject.h">
      <Filter>Object\GameObject</Filter>
    </ClInclude>
    <ClInclude Include="_Object\_GameObject\ModelOject.h">
      <Filter>Object\GameObject</Filter>
    </ClInclude>
    <ClInclude Include="_Object\_GameObject\Movie.h">
      <Filter>Object\GameObject</Filter>
    </ClInclude>
    <ClInclude Include="_Object\_GameObject\Particle.h">
      <Filter>Object\GameObject</Filter>
    </ClInclude>
    <ClInclude Include="_Object\_GameObject\ParticleEmitter.h">
      <Filter>Object\GameObject</Filter>
    </ClInclude>
    <ClInclude Include="_Object\_GameObject\SoundSource.h">
      <Filter>Object\GameObject</Filter>
    </ClInclude>
    <ClInclude Include="_Object\_GameObject\TextObject.h">
      <Filter>Object\GameObject</Filter>
    </ClInclude>
    <ClInclude Include="_Object\_Component\_Sound\SoundEngine.h">
      <Filter>Object\Component\Sound</Filter>
    </ClInclude>
    <ClInclude Include="_Object\_Component\_Sound\WaveFile.h">
      <Filter>Object\Component\Sound</Filter>
    </ClInclude>
    <ClInclude Include="_Object\_Component\_Sound\WaveFileBank.h">
      <Filter>Object\Component\Sound</Filter>
    </ClInclude>
    <ClInclude Include="_Object\_Component\Component.h">
      <Filter>Object\Component</Filter>
    </ClInclude>
    <ClInclude Include="_Object\_Component\ComponentManager.h">
      <Filter>Object\Component</Filter>
    </ClInclude>
    <ClInclude Include="_Object\_Component\Transform.h">
      <Filter>Object\Component</Filter>
    </ClInclude>
    <ClInclude Include="_Object\_Component\_Physics\BoxCollider.h">
      <Filter>Object\Component\Physics</Filter>
    </ClInclude>
    <ClInclude Include="_Object\_Component\_Physics\CapsuleCollider.h">
      <Filter>Object\Component\Physics</Filter>
    </ClInclude>
    <ClInclude Include="_Object\_Component\_Physics\Collider.h">
      <Filter>Object\Component\Physics</Filter>
    </ClInclude>
    <ClInclude Include="_Object\_Component\_Physics\Collision.h">
      <Filter>Object\Component\Physics</Filter>
    </ClInclude>
    <ClInclude Include="_Object\_Component\_Physics\GostCollision.h">
      <Filter>Object\Component\Physics</Filter>
    </ClInclude>
    <ClInclude Include="_Object\_Component\_Physics\MeshCollider.h">
      <Filter>Object\Component\Physics</Filter>
    </ClInclude>
    <ClInclude Include="_Object\_Component\_Physics\Physics.h">
      <Filter>Object\Component\Physics</Filter>
    </ClInclude>
    <ClInclude Include="_Object\_Component\_Physics\RigidBody.h">
      <Filter>Object\Component\Physics</Filter>
    </ClInclude>
    <ClInclude Include="_Object\_Component\_Physics\SphereCollider.h">
      <Filter>Object\Component\Physics</Filter>
    </ClInclude>
    <ClInclude Include="_Object\_Component\_3D\Animation.h">
      <Filter>Object\Component\3D</Filter>
    </ClInclude>
    <ClInclude Include="_Object\_Component\_3D\Camera.h">
      <Filter>Object\Component\3D</Filter>
    </ClInclude>
    <ClInclude Include="_Object\_Component\_3D\Light.h">
      <Filter>Object\Component\3D</Filter>
    </ClInclude>
    <ClInclude Include="_Object\_Component\_3D\ShadowCamera.h">
      <Filter>Object\Component\3D</Filter>
    </ClInclude>
    <ClInclude Include="_Object\_Component\_3D\SkinModel.h">
      <Filter>Object\Component\3D</Filter>
    </ClInclude>
    <ClInclude Include="_Object\_Component\_2D\CircleCollision.h">
      <Filter>Object\Component\2D</Filter>
    </ClInclude>
    <ClInclude Include="_Object\_Component\_2D\Collisiont2D.h">
      <Filter>Object\Component\2D</Filter>
    </ClInclude>
    <ClInclude Include="_Object\_Component\_2D\FontManager.h">
      <Filter>Object\Component\2D</Filter>
    </ClInclude>
    <ClInclude Include="_Object\_Component\_2D\Sprite.h">
      <Filter>Object\Component\2D</Filter>
    </ClInclude>
    <ClInclude Include="_Object\_Component\_2D\SquareCollision.h">
      <Filter>Object\Component\2D</Filter>
    </ClInclude>
    <ClInclude Include="_Object\_Component\_2D\Text.h">
      <Filter>Object\Component\2D</Filter>
    </ClInclude>
    <ClInclude Include="targetver.h" />
    <ClInclude Include="_Include\CollisionInclude.h">
      <Filter>Include</Filter>
    </ClInclude>
    <ClInclude Include="_Object\Noncopyable.h">
      <Filter>Object</Filter>
    </ClInclude>
    <ClInclude Include="_Include\Definition.h">
      <Filter>Include</Filter>
    </ClInclude>
    <ClInclude Include="_Object\_Component\_2D\TextureAnimator.h">
      <Filter>Object\Component\2D</Filter>
    </ClInclude>
    <ClInclude Include="_Object\_Component\_3D\PlatePrimitive.h">
      <Filter>Object\Component\3D</Filter>
    </ClInclude>
    <ClInclude Include="_Object\_GameObject\Plate.h">
      <Filter>Object\GameObject</Filter>
    </ClInclude>
    <ClInclude Include="_Object\_GameObject\AnimationPlate.h">
      <Filter>Object\GameObject</Filter>
    </ClInclude>
    <ClInclude Include="CharacterController.h" />
    <ClInclude Include="_Object\_GameObject\Button.h">
      <Filter>Object\GameObject</Filter>
    </ClInclude>
    <ClInclude Include="_Effect\PostEffect\AntiAliasing.h">
      <Filter>Effect\PostEffect</Filter>
    </ClInclude>
    <ClInclude Include="_Effect\PostEffect\Bloom.h">
      <Filter>Effect\PostEffect</Filter>
    </ClInclude>
    <ClInclude Include="_Effect\PostEffect\DepthofField.h">
      <Filter>Effect\PostEffect</Filter>
    </ClInclude>
    <ClInclude Include="_Effect\Blur.h">
      <Filter>Effect</Filter>
    </ClInclude>
    <ClInclude Include="_Effect\PreRender\ShadowMap.h">
      <Filter>Effect\PreRender</Filter>
    </ClInclude>
  </ItemGroup>
</Project>