<?xml version="1.0" encoding="utf-8"?>
<Project ToolsVersion="4.0" xmlns="http://schemas.microsoft.com/developer/msbuild/2003">
  <ItemGroup>
    <Filter Include="リソース ファイル">
      <UniqueIdentifier>{67DA6AB6-F800-4c08-8B7A-83BB121AAD01}</UniqueIdentifier>
      <Extensions>rc;ico;cur;bmp;dlg;rc2;rct;bin;rgs;gif;jpg;jpeg;jpe;resx;tiff;tif;png;wav;mfcribbon-ms</Extensions>
    </Filter>
    <Filter Include="Scene">
      <UniqueIdentifier>{2d7f74e5-1894-4735-8f9a-b757a310c779}</UniqueIdentifier>
    </Filter>
    <Filter Include="Object">
      <UniqueIdentifier>{7358b4a8-2cf9-48a7-b0ae-8872e2430573}</UniqueIdentifier>
    </Filter>
    <Filter Include="Object\GameObject">
      <UniqueIdentifier>{f24b4616-b416-4e27-b284-e4af43f43dd7}</UniqueIdentifier>
    </Filter>
    <Filter Include="Object\Component">
      <UniqueIdentifier>{20e54de8-392f-4837-8a39-b2bb28e4e4a2}</UniqueIdentifier>
    </Filter>
  </ItemGroup>
  <ItemGroup>
    <ClInclude Include="Decide.h" />
    <ClInclude Include="GameSystem.h" />
    <ClInclude Include="Resource.h" />
    <ClInclude Include="TitleScene.h">
      <Filter>Scene</Filter>
    </ClInclude>
  </ItemGroup>
  <ItemGroup>
    <ResourceCompile Include="Decide.rc">
      <Filter>リソース ファイル</Filter>
    </ResourceCompile>
  </ItemGroup>
  <ItemGroup>
    <Image Include="small.ico">
      <Filter>リソース ファイル</Filter>
    </Image>
    <Image Include="Decide.ico">
      <Filter>リソース ファイル</Filter>
    </Image>
  </ItemGroup>
  <ItemGroup>
    <ClCompile Include="Decide.cpp" />
    <ClCompile Include="TitleScene.cpp">
      <Filter>Scene</Filter>
    </ClCompile>
  </ItemGroup>
</Project>